
Microsoft Visual Studio Solution File, Format Version 12.00
# Visual Studio Version 17
VisualStudioVersion = 17.4.33403.182
MinimumVisualStudioVersion = 10.0.40219.1
Project("{FAE04EC0-301F-11D3-BF4B-00C04F79EFBC}") = "MyShop", "MyShop\MyShop.csproj", "{EE22B3F2-563D-4B86-BF9A-87B411F78B26}"
EndProject
Global
	GlobalSection(SolutionConfigurationPlatforms) = preSolution
		Debug|Any CPU = Debug|Any CPU
		Release|Any CPU = Release|Any CPU
	EndGlobalSection
	GlobalSection(ProjectConfigurationPlatforms) = postSolution
		{EE22B3F2-563D-4B86-BF9A-87B411F78B26}.Debug|Any CPU.ActiveCfg = Debug|Any CPU
		{EE22B3F2-563D-4B86-BF9A-87B411F78B26}.Debug|Any CPU.Build.0 = Debug|Any CPU
		{EE22B3F2-563D-4B86-BF9A-87B411F78B26}.Release|Any CPU.ActiveCfg = Release|Any CPU
		{EE22B3F2-563D-4B86-BF9A-87B411F78B26}.Release|Any CPU.Build.0 = Release|Any CPU
	EndGlobalSection
	GlobalSection(SolutionProperties) = preSolution
		HideSolutionNode = FALSE
	EndGlobalSection
	GlobalSection(ExtensibilityGlobals) = postSolution
		SolutionGuid = {AB649310-31E6-49CC-A296-8F7EAA7E72E9}
	EndGlobalSection
EndGlobal
